
Microsoft Visual Studio Solution File, Format Version 12.00
# Visual Studio Version 17
VisualStudioVersion = 17.5.33530.505
MinimumVisualStudioVersion = 10.0.40219.1
Project("{FAE04EC0-301F-11D3-BF4B-00C04F79EFBC}") = "ExemploFundamentos", "ExemploFundamentos\ExemploFundamentos.csproj", "{897EFAE5-473B-4F05-B61E-F2FE59AFD0A3}"
EndProject
Global
	GlobalSection(SolutionConfigurationPlatforms) = preSolution
		Debug|Any CPU = Debug|Any CPU
		Release|Any CPU = Release|Any CPU
	EndGlobalSection
	GlobalSection(ProjectConfigurationPlatforms) = postSolution
		{897EFAE5-473B-4F05-B61E-F2FE59AFD0A3}.Debug|Any CPU.ActiveCfg = Debug|Any CPU
		{897EFAE5-473B-4F05-B61E-F2FE59AFD0A3}.Debug|Any CPU.Build.0 = Debug|Any CPU
		{897EFAE5-473B-4F05-B61E-F2FE59AFD0A3}.Release|Any CPU.ActiveCfg = Release|Any CPU
		{897EFAE5-473B-4F05-B61E-F2FE59AFD0A3}.Release|Any CPU.Build.0 = Release|Any CPU
	EndGlobalSection
	GlobalSection(SolutionProperties) = preSolution
		HideSolutionNode = FALSE
	EndGlobalSection
	GlobalSection(ExtensibilityGlobals) = postSolution
		SolutionGuid = {E8153F29-5CA8-4EFB-BF09-97EFE03842A0}
	EndGlobalSection
EndGlobal
